// !$*UTF8*$!
{
	archiveVersion = 1;
	classes = {
	};
	objectVersion = 50;
	objects = {

/* Begin PBXBuildFile section */
		355E164A233A73B7009ADA13 /* AppDelegate.swift in Sources */ = {isa = PBXBuildFile; fileRef = 355E1649233A73B7009ADA13 /* AppDelegate.swift */; };
		355E164F233A73B7009ADA13 /* Main.storyboard in Resources */ = {isa = PBXBuildFile; fileRef = 355E164D233A73B7009ADA13 /* Main.storyboard */; };
		355E1651233A73B9009ADA13 /* Assets.xcassets in Resources */ = {isa = PBXBuildFile; fileRef = 355E1650233A73B9009ADA13 /* Assets.xcassets */; };
		355E1654233A73B9009ADA13 /* LaunchScreen.storyboard in Resources */ = {isa = PBXBuildFile; fileRef = 355E1652233A73B9009ADA13 /* LaunchScreen.storyboard */; };
		355E165F233A7716009ADA13 /* TimerController.swift in Sources */ = {isa = PBXBuildFile; fileRef = 355E165E233A7716009ADA13 /* TimerController.swift */; };
/* End PBXBuildFile section */

/* Begin PBXFileReference section */
		355E1646233A73B7009ADA13 /* PowerNapTimer.app */ = {isa = PBXFileReference; explicitFileType = wrapper.application; includeInIndex = 0; path = PowerNapTimer.app; sourceTree = BUILT_PRODUCTS_DIR; };
		355E1649233A73B7009ADA13 /* AppDelegate.swift */ = {isa = PBXFileReference; lastKnownFileType = sourcecode.swift; path = AppDelegate.swift; sourceTree = "<group>"; };
		355E164E233A73B7009ADA13 /* Base */ = {isa = PBXFileReference; lastKnownFileType = file.storyboard; name = Base; path = Base.lproj/Main.storyboard; sourceTree = "<group>"; };
		355E1650233A73B9009ADA13 /* Assets.xcassets */ = {isa = PBXFileReference; lastKnownFileType = folder.assetcatalog; path = Assets.xcassets; sourceTree = "<group>"; };
		355E1653233A73B9009ADA13 /* Base */ = {isa = PBXFileReference; lastKnownFileType = file.storyboard; name = Base; path = Base.lproj/LaunchScreen.storyboard; sourceTree = "<group>"; };
		355E1655233A73B9009ADA13 /* Info.plist */ = {isa = PBXFileReference; lastKnownFileType = text.plist.xml; path = Info.plist; sourceTree = "<group>"; };
		355E165E233A7716009ADA13 /* TimerController.swift */ = {isa = PBXFileReference; lastKnownFileType = sourcecode.swift; path = TimerController.swift; sourceTree = "<group>"; };
/* End PBXFileReference section */

/* Begin PBXFrameworksBuildPhase section */
		355E1643233A73B7009ADA13 /* Frameworks */ = {
			isa = PBXFrameworksBuildPhase;
			buildActionMask = 2147483647;
			files = (
			);
			runOnlyForDeploymentPostprocessing = 0;
		};
/* End PBXFrameworksBuildPhase section */

/* Begin PBXGroup section */
		355E163D233A73B7009ADA13 = {
			isa = PBXGroup;
			children = (
				355E1648233A73B7009ADA13 /* PowerNapTimer */,
				355E1647233A73B7009ADA13 /* Products */,
			);
			sourceTree = "<group>";
		};
		355E1647233A73B7009ADA13 /* Products */ = {
			isa = PBXGroup;
			children = (
				355E1646233A73B7009ADA13 /* PowerNapTimer.app */,
			);
			name = Products;
			sourceTree = "<group>";
		};
		355E1648233A73B7009ADA13 /* PowerNapTimer */ = {
			isa = PBXGroup;
			children = (
				355E1660233A771C009ADA13 /* Controllers */,
				355E165C233A74C7009ADA13 /* Views */,
				355E165B233A749D009ADA13 /* Resources */,
			);
			path = PowerNapTimer;
			sourceTree = "<group>";
		};
		355E165B233A749D009ADA13 /* Resources */ = {
			isa = PBXGroup;
			children = (
				355E1649233A73B7009ADA13 /* AppDelegate.swift */,
				355E1650233A73B9009ADA13 /* Assets.xcassets */,
				355E1652233A73B9009ADA13 /* LaunchScreen.storyboard */,
				355E1655233A73B9009ADA13 /* Info.plist */,
			);
			path = Resources;
			sourceTree = "<group>";
		};
		355E165C233A74C7009ADA13 /* Views */ = {
			isa = PBXGroup;
			children = (
				355E165D233A74CD009ADA13 /* Storyboard */,
			);
			path = Views;
			sourceTree = "<group>";
		};
		355E165D233A74CD009ADA13 /* Storyboard */ = {
			isa = PBXGroup;
			children = (
				355E164D233A73B7009ADA13 /* Main.storyboard */,
			);
			path = Storyboard;
			sourceTree = "<group>";
		};
		355E1660233A771C009ADA13 /* Controllers */ = {
			isa = PBXGroup;
			children = (
				355E1661233A7734009ADA13 /* Model Controllers */,
			);
			path = Controllers;
			sourceTree = "<group>";
		};
		355E1661233A7734009ADA13 /* Model Controllers */ = {
			isa = PBXGroup;
			children = (
				355E165E233A7716009ADA13 /* TimerController.swift */,
			);
			path = "Model Controllers";
			sourceTree = "<group>";
		};
/* End PBXGroup section */

/* Begin PBXNativeTarget section */
		355E1645233A73B7009ADA13 /* PowerNapTimer */ = {
			isa = PBXNativeTarget;
			buildConfigurationList = 355E1658233A73B9009ADA13 /* Build configuration list for PBXNativeTarget "PowerNapTimer" */;
			buildPhases = (
				355E1642233A73B7009ADA13 /* Sources */,
				355E1643233A73B7009ADA13 /* Frameworks */,
				355E1644233A73B7009ADA13 /* Resources */,
			);
			buildRules = (
			);
			dependencies = (
			);
			name = PowerNapTimer;
			productName = PowerNapTimer;
			productReference = 355E1646233A73B7009ADA13 /* PowerNapTimer.app */;
			productType = "com.apple.product-type.application";
		};
/* End PBXNativeTarget section */

/* Begin PBXProject section */
		355E163E233A73B7009ADA13 /* Project object */ = {
			isa = PBXProject;
			attributes = {
				LastSwiftUpdateCheck = 1010;
				LastUpgradeCheck = 1010;
				ORGANIZATIONNAME = "Squanto Inc";
				TargetAttributes = {
					355E1645233A73B7009ADA13 = {
						CreatedOnToolsVersion = 10.1;
					};
				};
			};
			buildConfigurationList = 355E1641233A73B7009ADA13 /* Build configuration list for PBXProject "PowerNapTimer" */;
			compatibilityVersion = "Xcode 9.3";
			developmentRegion = en;
			hasScannedForEncodings = 0;
			knownRegions = (
				en,
				Base,
			);
			mainGroup = 355E163D233A73B7009ADA13;
			productRefGroup = 355E1647233A73B7009ADA13 /* Products */;
			projectDirPath = "";
			projectRoot = "";
			targets = (
				355E1645233A73B7009ADA13 /* PowerNapTimer */,
			);
		};
/* End PBXProject section */

/* Begin PBXResourcesBuildPhase section */
		355E1644233A73B7009ADA13 /* Resources */ = {
			isa = PBXResourcesBuildPhase;
			buildActionMask = 2147483647;
			files = (
				355E1654233A73B9009ADA13 /* LaunchScreen.storyboard in Resources */,
				355E1651233A73B9009ADA13 /* Assets.xcassets in Resources */,
				355E164F233A73B7009ADA13 /* Main.storyboard in Resources */,
			);
			runOnlyForDeploymentPostprocessing = 0;
		};
/* End PBXResourcesBuildPhase section */

/* Begin PBXSourcesBuildPhase section */
		355E1642233A73B7009ADA13 /* Sources */ = {
			isa = PBXSourcesBuildPhase;
			buildActionMask = 2147483647;
			files = (
				355E164A233A73B7009ADA13 /* AppDelegate.swift in Sources */,
				355E165F233A7716009ADA13 /* TimerController.swift in Sources */,
			);
			runOnlyForDeploymentPostprocessing = 0;
		};
/* End PBXSourcesBuildPhase section */

/* Begin PBXVariantGroup section */
		355E164D233A73B7009ADA13 /* Main.storyboard */ = {
			isa = PBXVariantGroup;
			children = (
				355E164E233A73B7009ADA13 /* Base */,
			);
			name = Main.storyboard;
			sourceTree = "<group>";
		};
		355E1652233A73B9009ADA13 /* LaunchScreen.storyboard */ = {
			isa = PBXVariantGroup;
			children = (
				355E1653233A73B9009ADA13 /* Base */,
			);
			name = LaunchScreen.storyboard;
			sourceTree = "<group>";
		};
/* End PBXVariantGroup section */

/* Begin XCBuildConfiguration section */
		355E1656233A73B9009ADA13 /* Debug */ = {
			isa = XCBuildConfiguration;
			buildSettings = {
				ALWAYS_SEARCH_USER_PATHS = NO;
				CLANG_ANALYZER_NONNULL = YES;
				CLANG_ANALYZER_NUMBER_OBJECT_CONVERSION = YES_AGGRESSIVE;
				CLANG_CXX_LANGUAGE_STANDARD = "gnu++14";
				CLANG_CXX_LIBRARY = "libc++";
				CLANG_ENABLE_MODULES = YES;
				CLANG_ENABLE_OBJC_ARC = YES;
				CLANG_ENABLE_OBJC_WEAK = YES;
				CLANG_WARN_BLOCK_CAPTURE_AUTORELEASING = YES;
				CLANG_WARN_BOOL_CONVERSION = YES;
				CLANG_WARN_COMMA = YES;
				CLANG_WARN_CONSTANT_CONVERSION = YES;
				CLANG_WARN_DEPRECATED_OBJC_IMPLEMENTATIONS = YES;
				CLANG_WARN_DIRECT_OBJC_ISA_USAGE = YES_ERROR;
				CLANG_WARN_DOCUMENTATION_COMMENTS = YES;
				CLANG_WARN_EMPTY_BODY = YES;
				CLANG_WARN_ENUM_CONVERSION = YES;
				CLANG_WARN_INFINITE_RECURSION = YES;
				CLANG_WARN_INT_CONVERSION = YES;
				CLANG_WARN_NON_LITERAL_NULL_CONVERSION = YES;
				CLANG_WARN_OBJC_IMPLICIT_RETAIN_SELF = YES;
				CLANG_WARN_OBJC_LITERAL_CONVERSION = YES;
				CLANG_WARN_OBJC_ROOT_CLASS = YES_ERROR;
				CLANG_WARN_RANGE_LOOP_ANALYSIS = YES;
				CLANG_WARN_STRICT_PROTOTYPES = YES;
				CLANG_WARN_SUSPICIOUS_MOVE = YES;
				CLANG_WARN_UNGUARDED_AVAILABILITY = YES_AGGRESSIVE;
				CLANG_WARN_UNREACHABLE_CODE = YES;
				CLANG_WARN__DUPLICATE_METHOD_MATCH = YES;
				CODE_SIGN_IDENTITY = "iPhone Developer";
				COPY_PHASE_STRIP = NO;
				DEBUG_INFORMATION_FORMAT = dwarf;
				ENABLE_STRICT_OBJC_MSGSEND = YES;
				ENABLE_TESTABILITY = YES;
				GCC_C_LANGUAGE_STANDARD = gnu11;
				GCC_DYNAMIC_NO_PIC = NO;
				GCC_NO_COMMON_BLOCKS = YES;
				GCC_OPTIMIZATION_LEVEL = 0;
				GCC_PREPROCESSOR_DEFINITIONS = (
					"DEBUG=1",
					"$(inherited)",
				);
				GCC_WARN_64_TO_32_BIT_CONVERSION = YES;
				GCC_WARN_ABOUT_RETURN_TYPE = YES_ERROR;
				GCC_WARN_UNDECLARED_SELECTOR = YES;
				GCC_WARN_UNINITIALIZED_AUTOS = YES_AGGRESSIVE;
				GCC_WARN_UNUSED_FUNCTION = YES;
				GCC_WARN_UNUSED_VARIABLE = YES;
				IPHONEOS_DEPLOYMENT_TARGET = 12.1;
				MTL_ENABLE_DEBUG_INFO = INCLUDE_SOURCE;
				MTL_FAST_MATH = YES;
				ONLY_ACTIVE_ARCH = YES;
				SDKROOT = iphoneos;
				SWIFT_ACTIVE_COMPILATION_CONDITIONS = DEBUG;
				SWIFT_OPTIMIZATION_LEVEL = "-Onone";
			};
			name = Debug;
		};
		355E1657233A73B9009ADA13 /* Release */ = {
			isa = XCBuildConfiguration;
			buildSettings = {
				ALWAYS_SEARCH_USER_PATHS = NO;
				CLANG_ANALYZER_NONNULL = YES;
				CLANG_ANALYZER_NUMBER_OBJECT_CONVERSION = YES_AGGRESSIVE;
				CLANG_CXX_LANGUAGE_STANDARD = "gnu++14";
				CLANG_CXX_LIBRARY = "libc++";
				CLANG_ENABLE_MODULES = YES;
				CLANG_ENABLE_OBJC_ARC = YES;
				CLANG_ENABLE_OBJC_WEAK = YES;
				CLANG_WARN_BLOCK_CAPTURE_AUTORELEASING = YES;
				CLANG_WARN_BOOL_CONVERSION = YES;
				CLANG_WARN_COMMA = YES;
				CLANG_WARN_CONSTANT_CONVERSION = YES;
				CLANG_WARN_DEPRECATED_OBJC_IMPLEMENTATIONS = YES;
				CLANG_WARN_DIRECT_OBJC_ISA_USAGE = YES_ERROR;
				CLANG_WARN_DOCUMENTATION_COMMENTS = YES;
				CLANG_WARN_EMPTY_BODY = YES;
				CLANG_WARN_ENUM_CONVERSION = YES;
				CLANG_WARN_INFINITE_RECURSION = YES;
				CLANG_WARN_INT_CONVERSION = YES;
				CLANG_WARN_NON_LITERAL_NULL_CONVERSION = YES;
				CLANG_WARN_OBJC_IMPLICIT_RETAIN_SELF = YES;
				CLANG_WARN_OBJC_LITERAL_CONVERSION = YES;
				CLANG_WARN_OBJC_ROOT_CLASS = YES_ERROR;
				CLANG_WARN_RANGE_LOOP_ANALYSIS = YES;
				CLANG_WARN_STRICT_PROTOTYPES = YES;
				CLANG_WARN_SUSPICIOUS_MOVE = YES;
				CLANG_WARN_UNGUARDED_AVAILABILITY = YES_AGGRESSIVE;
				CLANG_WARN_UNREACHABLE_CODE = YES;
				CLANG_WARN__DUPLICATE_METHOD_MATCH = YES;
				CODE_SIGN_IDENTITY = "iPhone Developer";
				COPY_PHASE_STRIP = NO;
				DEBUG_INFORMATION_FORMAT = "dwarf-with-dsym";
				ENABLE_NS_ASSERTIONS = NO;
				ENABLE_STRICT_OBJC_MSGSEND = YES;
				GCC_C_LANGUAGE_STANDARD = gnu11;
				GCC_NO_COMMON_BLOCKS = YES;
				GCC_WARN_64_TO_32_BIT_CONVERSION = YES;
				GCC_WARN_ABOUT_RETURN_TYPE = YES_ERROR;
				GCC_WARN_UNDECLARED_SELECTOR = YES;
				GCC_WARN_UNINITIALIZED_AUTOS = YES_AGGRESSIVE;
				GCC_WARN_UNUSED_FUNCTION = YES;
				GCC_WARN_UNUSED_VARIABLE = YES;
				IPHONEOS_DEPLOYMENT_TARGET = 12.1;
				MTL_ENABLE_DEBUG_INFO = NO;
				MTL_FAST_MATH = YES;
				SDKROOT = iphoneos;
				SWIFT_COMPILATION_MODE = wholemodule;
				SWIFT_OPTIMIZATION_LEVEL = "-O";
				VALIDATE_PRODUCT = YES;
			};
			name = Release;
		};
		355E1659233A73B9009ADA13 /* Debug */ = {
			isa = XCBuildConfiguration;
			buildSettings = {
				ASSETCATALOG_COMPILER_APPICON_NAME = AppIcon;
				CODE_SIGN_STYLE = Automatic;
				DEVELOPMENT_TEAM = EANQJ7L949;
				INFOPLIST_FILE = "$(SRCROOT)/PowerNapTimer/Resources/Info.plist";
				LD_RUNPATH_SEARCH_PATHS = (
					"$(inherited)",
					"@executable_path/Frameworks",
				);
				PRODUCT_BUNDLE_IDENTIFIER = com.squantoinc.PowerNapTimer;
				PRODUCT_NAME = "$(TARGET_NAME)";
				SWIFT_VERSION = 4.2;
				TARGETED_DEVICE_FAMILY = "1,2";
			};
			name = Debug;
		};
		355E165A233A73B9009ADA13 /* Release */ = {
			isa = XCBuildConfiguration;
			buildSettings = {
				ASSETCATALOG_COMPILER_APPICON_NAME = AppIcon;
				CODE_SIGN_STYLE = Automatic;
				DEVELOPMENT_TEAM = EANQJ7L949;
				INFOPLIST_FILE = "$(SRCROOT)/PowerNapTimer/Resources/Info.plist";
				LD_RUNPATH_SEARCH_PATHS = (
					"$(inherited)",
					"@executable_path/Frameworks",
				);
				PRODUCT_BUNDLE_IDENTIFIER = com.squantoinc.PowerNapTimer;
				PRODUCT_NAME = "$(TARGET_NAME)";
				SWIFT_VERSION = 4.2;
				TARGETED_DEVICE_FAMILY = "1,2";
			};
			name = Release;
		};
/* End XCBuildConfiguration section */

/* Begin XCConfigurationList section */
		355E1641233A73B7009ADA13 /* Build configuration list for PBXProject "PowerNapTimer" */ = {
			isa = XCConfigurationList;
			buildConfigurations = (
				355E1656233A73B9009ADA13 /* Debug */,
				355E1657233A73B9009ADA13 /* Release */,
			);
			defaultConfigurationIsVisible = 0;
			defaultConfigurationName = Release;
		};
		355E1658233A73B9009ADA13 /* Build configuration list for PBXNativeTarget "PowerNapTimer" */ = {
			isa = XCConfigurationList;
			buildConfigurations = (
				355E1659233A73B9009ADA13 /* Debug */,
				355E165A233A73B9009ADA13 /* Release */,
			);
			defaultConfigurationIsVisible = 0;
			defaultConfigurationName = Release;
		};
/* End XCConfigurationList section */
	};
	rootObject = 355E163E233A73B7009ADA13 /* Project object */;
}
